
Microsoft Visual Studio Solution File, Format Version 12.00
# Visual Studio Version 17
VisualStudioVersion = 17.5.002.0
MinimumVisualStudioVersion = 10.0.40219.1
Project("{9A19103F-16F7-4668-BE54-9A1E7A4F7556}") = "ecomapp", "ecomapp.csproj", "{20AFEFA8-92F2-4760-9529-7FF04A9AD518}"
EndProject
Global
	GlobalSection(SolutionConfigurationPlatforms) = preSolution
		Debug|Any CPU = Debug|Any CPU
		Release|Any CPU = Release|Any CPU
	EndGlobalSection
	GlobalSection(ProjectConfigurationPlatforms) = postSolution
		{20AFEFA8-92F2-4760-9529-7FF04A9AD518}.Debug|Any CPU.ActiveCfg = Debug|Any CPU
		{20AFEFA8-92F2-4760-9529-7FF04A9AD518}.Debug|Any CPU.Build.0 = Debug|Any CPU
		{20AFEFA8-92F2-4760-9529-7FF04A9AD518}.Release|Any CPU.ActiveCfg = Release|Any CPU
		{20AFEFA8-92F2-4760-9529-7FF04A9AD518}.Release|Any CPU.Build.0 = Release|Any CPU
	EndGlobalSection
	GlobalSection(SolutionProperties) = preSolution
		HideSolutionNode = FALSE
	EndGlobalSection
	GlobalSection(ExtensibilityGlobals) = postSolution
		SolutionGuid = {54605AB9-529B-4B61-9336-6D6B0D83552D}
	EndGlobalSection
EndGlobal
