
Microsoft Visual Studio Solution File, Format Version 12.00
# Visual Studio Version 17
VisualStudioVersion = 17.5.002.0
MinimumVisualStudioVersion = 10.0.40219.1
Project("{9A19103F-16F7-4668-BE54-9A1E7A4F7556}") = "ecomapp", "ecomapp.csproj", "{20AFEFA8-92F2-4760-9529-7FF04A9AD518}"
EndProject
Project("{FAE04EC0-301F-11D3-BF4B-00C04F79EFBC}") = "ecomapp.DataAccess", "..\ecomapp.DataAccess\ecomapp.DataAccess.csproj", "{6F043B05-00F1-403F-B92F-D6D514A87AF5}"
EndProject
Project("{FAE04EC0-301F-11D3-BF4B-00C04F79EFBC}") = "ecomapp.Models", "..\ecomapp.Models\ecomapp.Models.csproj", "{149D4A04-2FD8-447A-B57D-A0D17CFFF194}"
EndProject
Project("{FAE04EC0-301F-11D3-BF4B-00C04F79EFBC}") = "ecomapp.Utility", "..\ecomapp.Utility\ecomapp.Utility.csproj", "{EA65EEDF-A711-41A2-B086-AC5978FB486D}"
EndProject
Global
	GlobalSection(SolutionConfigurationPlatforms) = preSolution
		Debug|Any CPU = Debug|Any CPU
		Release|Any CPU = Release|Any CPU
	EndGlobalSection
	GlobalSection(ProjectConfigurationPlatforms) = postSolution
		{20AFEFA8-92F2-4760-9529-7FF04A9AD518}.Debug|Any CPU.ActiveCfg = Debug|Any CPU
		{20AFEFA8-92F2-4760-9529-7FF04A9AD518}.Debug|Any CPU.Build.0 = Debug|Any CPU
		{20AFEFA8-92F2-4760-9529-7FF04A9AD518}.Release|Any CPU.ActiveCfg = Release|Any CPU
		{20AFEFA8-92F2-4760-9529-7FF04A9AD518}.Release|Any CPU.Build.0 = Release|Any CPU
		{6F043B05-00F1-403F-B92F-D6D514A87AF5}.Debug|Any CPU.ActiveCfg = Debug|Any CPU
		{6F043B05-00F1-403F-B92F-D6D514A87AF5}.Debug|Any CPU.Build.0 = Debug|Any CPU
		{6F043B05-00F1-403F-B92F-D6D514A87AF5}.Release|Any CPU.ActiveCfg = Release|Any CPU
		{6F043B05-00F1-403F-B92F-D6D514A87AF5}.Release|Any CPU.Build.0 = Release|Any CPU
		{149D4A04-2FD8-447A-B57D-A0D17CFFF194}.Debug|Any CPU.ActiveCfg = Debug|Any CPU
		{149D4A04-2FD8-447A-B57D-A0D17CFFF194}.Debug|Any CPU.Build.0 = Debug|Any CPU
		{149D4A04-2FD8-447A-B57D-A0D17CFFF194}.Release|Any CPU.ActiveCfg = Release|Any CPU
		{149D4A04-2FD8-447A-B57D-A0D17CFFF194}.Release|Any CPU.Build.0 = Release|Any CPU
		{EA65EEDF-A711-41A2-B086-AC5978FB486D}.Debug|Any CPU.ActiveCfg = Debug|Any CPU
		{EA65EEDF-A711-41A2-B086-AC5978FB486D}.Debug|Any CPU.Build.0 = Debug|Any CPU
		{EA65EEDF-A711-41A2-B086-AC5978FB486D}.Release|Any CPU.ActiveCfg = Release|Any CPU
		{EA65EEDF-A711-41A2-B086-AC5978FB486D}.Release|Any CPU.Build.0 = Release|Any CPU
	EndGlobalSection
	GlobalSection(SolutionProperties) = preSolution
		HideSolutionNode = FALSE
	EndGlobalSection
	GlobalSection(ExtensibilityGlobals) = postSolution
		SolutionGuid = {54605AB9-529B-4B61-9336-6D6B0D83552D}
	EndGlobalSection
EndGlobal
